
Microsoft Visual Studio Solution File, Format Version 12.00
# Visual Studio Version 17
VisualStudioVersion = 17.10.34928.147
MinimumVisualStudioVersion = 10.0.40219.1
Project("{FAE04EC0-301F-11D3-BF4B-00C04F79EFBC}") = "Phone_T9", "Phone_T9.csproj", "{9400D01F-6CAD-431D-842F-CF4CD8CEE0A8}"
EndProject
Global
	GlobalSection(SolutionConfigurationPlatforms) = preSolution
		Debug|Any CPU = Debug|Any CPU
		Release|Any CPU = Release|Any CPU
	EndGlobalSection
	GlobalSection(ProjectConfigurationPlatforms) = postSolution
		{9400D01F-6CAD-431D-842F-CF4CD8CEE0A8}.Debug|Any CPU.ActiveCfg = Debug|Any CPU
		{9400D01F-6CAD-431D-842F-CF4CD8CEE0A8}.Debug|Any CPU.Build.0 = Debug|Any CPU
		{9400D01F-6CAD-431D-842F-CF4CD8CEE0A8}.Release|Any CPU.ActiveCfg = Release|Any CPU
		{9400D01F-6CAD-431D-842F-CF4CD8CEE0A8}.Release|Any CPU.Build.0 = Release|Any CPU
	EndGlobalSection
	GlobalSection(SolutionProperties) = preSolution
		HideSolutionNode = FALSE
	EndGlobalSection
	GlobalSection(ExtensibilityGlobals) = postSolution
		SolutionGuid = {2CE3F09B-18C5-4C9D-893B-D8C5250286A4}
	EndGlobalSection
EndGlobal
